
Microsoft Visual Studio Solution File, Format Version 12.00
# Visual Studio 14
VisualStudioVersion = 14.0.25420.1
MinimumVisualStudioVersion = 10.0.40219.1
Project("{9092AA53-FB77-4645-B42D-1CCCA6BD08BD}") = "test", "test\test.njsproj", "{6FDD1A18-E950-4E7B-8376-FF64487A1653}"
EndProject
Global
	GlobalSection(SolutionConfigurationPlatforms) = preSolution
		Debug|Any CPU = Debug|Any CPU
		Release|Any CPU = Release|Any CPU
	EndGlobalSection
	GlobalSection(ProjectConfigurationPlatforms) = postSolution
		{6FDD1A18-E950-4E7B-8376-FF64487A1653}.Debug|Any CPU.ActiveCfg = Debug|Any CPU
		{6FDD1A18-E950-4E7B-8376-FF64487A1653}.Debug|Any CPU.Build.0 = Debug|Any CPU
		{6FDD1A18-E950-4E7B-8376-FF64487A1653}.Release|Any CPU.ActiveCfg = Release|Any CPU
		{6FDD1A18-E950-4E7B-8376-FF64487A1653}.Release|Any CPU.Build.0 = Release|Any CPU
	EndGlobalSection
	GlobalSection(SolutionProperties) = preSolution
		HideSolutionNode = FALSE
	EndGlobalSection
EndGlobal
