
Microsoft Visual Studio Solution File, Format Version 12.00
# Visual Studio 14
VisualStudioVersion = 14.0.25420.1
MinimumVisualStudioVersion = 10.0.40219.1
Project("{9092AA53-FB77-4645-B42D-1CCCA6BD08BD}") = "Bucky Node.js tutorial 14", "Bucky Node.js tutorial 14\Bucky Node.js tutorial 14.njsproj", "{AE277D65-6700-4F12-B29B-D327CA219EBE}"
EndProject
Global
	GlobalSection(SolutionConfigurationPlatforms) = preSolution
		Debug|Any CPU = Debug|Any CPU
		Release|Any CPU = Release|Any CPU
	EndGlobalSection
	GlobalSection(ProjectConfigurationPlatforms) = postSolution
		{AE277D65-6700-4F12-B29B-D327CA219EBE}.Debug|Any CPU.ActiveCfg = Debug|Any CPU
		{AE277D65-6700-4F12-B29B-D327CA219EBE}.Debug|Any CPU.Build.0 = Debug|Any CPU
		{AE277D65-6700-4F12-B29B-D327CA219EBE}.Release|Any CPU.ActiveCfg = Release|Any CPU
		{AE277D65-6700-4F12-B29B-D327CA219EBE}.Release|Any CPU.Build.0 = Release|Any CPU
	EndGlobalSection
	GlobalSection(SolutionProperties) = preSolution
		HideSolutionNode = FALSE
	EndGlobalSection
EndGlobal
